
Microsoft Visual Studio Solution File, Format Version 12.00
# Visual Studio 14
VisualStudioVersion = 14.0.25420.1
MinimumVisualStudioVersion = 10.0.40219.1
Project("{FAE04EC0-301F-11D3-BF4B-00C04F79EFBC}") = "MVCFirstDemo", "MVCFirstDemo\MVCFirstDemo.csproj", "{C3A15508-650D-4429-BE56-619818B8ACE4}"
EndProject
Project("{FAE04EC0-301F-11D3-BF4B-00C04F79EFBC}") = "MvcMovie", "MvcMovie\MvcMovie.csproj", "{8A630D0F-2544-4331-9C5C-4BEECA0A3ED2}"
EndProject
Project("{FAE04EC0-301F-11D3-BF4B-00C04F79EFBC}") = "MovieEF", "MovieEF\MovieEF.csproj", "{D1F1E17B-17B6-4FF2-A1C6-89E7753CFF95}"
EndProject
Project("{FAE04EC0-301F-11D3-BF4B-00C04F79EFBC}") = "Movies", "Movies\Movies.csproj", "{1665E787-9134-4A75-815E-08EBDE2E06F7}"
EndProject
Global
	GlobalSection(SolutionConfigurationPlatforms) = preSolution
		Debug|Any CPU = Debug|Any CPU
		Release|Any CPU = Release|Any CPU
	EndGlobalSection
	GlobalSection(ProjectConfigurationPlatforms) = postSolution
		{C3A15508-650D-4429-BE56-619818B8ACE4}.Debug|Any CPU.ActiveCfg = Debug|Any CPU
		{C3A15508-650D-4429-BE56-619818B8ACE4}.Debug|Any CPU.Build.0 = Debug|Any CPU
		{C3A15508-650D-4429-BE56-619818B8ACE4}.Release|Any CPU.ActiveCfg = Release|Any CPU
		{C3A15508-650D-4429-BE56-619818B8ACE4}.Release|Any CPU.Build.0 = Release|Any CPU
		{8A630D0F-2544-4331-9C5C-4BEECA0A3ED2}.Debug|Any CPU.ActiveCfg = Debug|Any CPU
		{8A630D0F-2544-4331-9C5C-4BEECA0A3ED2}.Debug|Any CPU.Build.0 = Debug|Any CPU
		{8A630D0F-2544-4331-9C5C-4BEECA0A3ED2}.Release|Any CPU.ActiveCfg = Release|Any CPU
		{8A630D0F-2544-4331-9C5C-4BEECA0A3ED2}.Release|Any CPU.Build.0 = Release|Any CPU
		{D1F1E17B-17B6-4FF2-A1C6-89E7753CFF95}.Debug|Any CPU.ActiveCfg = Debug|Any CPU
		{D1F1E17B-17B6-4FF2-A1C6-89E7753CFF95}.Debug|Any CPU.Build.0 = Debug|Any CPU
		{D1F1E17B-17B6-4FF2-A1C6-89E7753CFF95}.Release|Any CPU.ActiveCfg = Release|Any CPU
		{D1F1E17B-17B6-4FF2-A1C6-89E7753CFF95}.Release|Any CPU.Build.0 = Release|Any CPU
		{1665E787-9134-4A75-815E-08EBDE2E06F7}.Debug|Any CPU.ActiveCfg = Debug|Any CPU
		{1665E787-9134-4A75-815E-08EBDE2E06F7}.Debug|Any CPU.Build.0 = Debug|Any CPU
		{1665E787-9134-4A75-815E-08EBDE2E06F7}.Release|Any CPU.ActiveCfg = Release|Any CPU
		{1665E787-9134-4A75-815E-08EBDE2E06F7}.Release|Any CPU.Build.0 = Release|Any CPU
	EndGlobalSection
	GlobalSection(SolutionProperties) = preSolution
		HideSolutionNode = FALSE
	EndGlobalSection
EndGlobal
